dependencies:
- name: kube-prometheus-stack
  repository: https://prometheus-community.github.io/helm-charts
  version: 76.4.0
- name: tempo-distributed
  repository: https://grafana.github.io/helm-charts
  version: 1.47.1
digest: sha256:2c415b13fc3e4863d8673e4438d01729f84ec507262224adf4804c233d1d61dd
generated: "2025-09-02T09:18:12.608255927Z"
